// !$*UTF8*$!
{
	archiveVersion = 1;
	classes = {
	};
	objectVersion = 48;
	objects = {

/* Begin PBXBuildFile section */
		39C7980022FC2D7700217E0E /* SMGLiveRoomController.m in Sources */ = {isa = PBXBuildFile; fileRef = 39C797E122FC2D7700217E0E /* SMGLiveRoomController.m */; };
		39C7980122FC2D7700217E0E /* SMGLiveHomeController.m in Sources */ = {isa = PBXBuildFile; fileRef = 39C797E322FC2D7700217E0E /* SMGLiveHomeController.m */; };
		39C7980222FC2D7700217E0E /* UIImage+smgImage.m in Sources */ = {isa = PBXBuildFile; fileRef = 39C797E522FC2D7700217E0E /* UIImage+smgImage.m */; };
		39C7980522FC2D7800217E0E /* SMGImages.bundle in Resources */ = {isa = PBXBuildFile; fileRef = 39C797EC22FC2D7700217E0E /* SMGImages.bundle */; };
		39C7980622FC2D7800217E0E /* SMGRemoteMediaView.m in Sources */ = {isa = PBXBuildFile; fileRef = 39C797EE22FC2D7700217E0E /* SMGRemoteMediaView.m */; };
		39C7980722FC2D7800217E0E /* SMGSettingView.m in Sources */ = {isa = PBXBuildFile; fileRef = 39C797EF22FC2D7700217E0E /* SMGSettingView.m */; };
		39C7980822FC2D7800217E0E /* SMGLocalMediaView.m in Sources */ = {isa = PBXBuildFile; fileRef = 39C797F022FC2D7700217E0E /* SMGLocalMediaView.m */; };
		39C7980922FC2D7800217E0E /* SMGLiveHomeBackgroundView.m in Sources */ = {isa = PBXBuildFile; fileRef = 39C797F422FC2D7700217E0E /* SMGLiveHomeBackgroundView.m */; };
		39C7980A22FC2D7800217E0E /* SMGLiveChooseButton.m in Sources */ = {isa = PBXBuildFile; fileRef = 39C797F522FC2D7700217E0E /* SMGLiveChooseButton.m */; };
		39C7980B22FC2D7800217E0E /* SMGShowHudView.m in Sources */ = {isa = PBXBuildFile; fileRef = 39C797F922FC2D7700217E0E /* SMGShowHudView.m */; };
		39C7980C22FC2D7800217E0E /* SMGLiveChooseView.m in Sources */ = {isa = PBXBuildFile; fileRef = 39C797FD22FC2D7700217E0E /* SMGLiveChooseView.m */; };
		39C7980D22FC2D7800217E0E /* SMGMassageCell.m in Sources */ = {isa = PBXBuildFile; fileRef = 39C797FE22FC2D7700217E0E /* SMGMassageCell.m */; };
		39C7980E22FC2D7800217E0E /* SMGMassageView.m in Sources */ = {isa = PBXBuildFile; fileRef = 39C797FF22FC2D7700217E0E /* SMGMassageView.m */; };
		39C7981022FC2D8400217E0E /* VSRTC.framework in Embed Frameworks */ = {isa = PBXBuildFile; fileRef = 39C797E922FC2D7700217E0E /* VSRTC.framework */; settings = {ATTRIBUTES = (CodeSignOnCopy, RemoveHeadersOnCopy, ); }; };
		39C7981222FC2D8700217E0E /* KSCrash.framework in Embed Frameworks */ = {isa = PBXBuildFile; fileRef = 39C797EA22FC2D7700217E0E /* KSCrash.framework */; settings = {ATTRIBUTES = (CodeSignOnCopy, RemoveHeadersOnCopy, ); }; };
		39C7981522FCFF0F00217E0E /* SMGHostPrivateTalk.m in Sources */ = {isa = PBXBuildFile; fileRef = 39C7981422FCFF0F00217E0E /* SMGHostPrivateTalk.m */; };
		C8C906FD22F5C1C4002A96B3 /* AppDelegate.m in Sources */ = {isa = PBXBuildFile; fileRef = C8C906FC22F5C1C4002A96B3 /* AppDelegate.m */; };
		C8C9070022F5C1C4002A96B3 /* ViewController.m in Sources */ = {isa = PBXBuildFile; fileRef = C8C906FF22F5C1C4002A96B3 /* ViewController.m */; };
		C8C9070322F5C1C4002A96B3 /* Main.storyboard in Resources */ = {isa = PBXBuildFile; fileRef = C8C9070122F5C1C4002A96B3 /* Main.storyboard */; };
		C8C9070522F5C1C4002A96B3 /* Assets.xcassets in Resources */ = {isa = PBXBuildFile; fileRef = C8C9070422F5C1C4002A96B3 /* Assets.xcassets */; };
		C8C9070822F5C1C4002A96B3 /* LaunchScreen.storyboard in Resources */ = {isa = PBXBuildFile; fileRef = C8C9070622F5C1C4002A96B3 /* LaunchScreen.storyboard */; };
		C8C9070B22F5C1C4002A96B3 /* main.m in Sources */ = {isa = PBXBuildFile; fileRef = C8C9070A22F5C1C4002A96B3 /* main.m */; };
		C8C907E522F5C203002A96B3 /* MASCompositeConstraint.m in Sources */ = {isa = PBXBuildFile; fileRef = C8C9079122F5C203002A96B3 /* MASCompositeConstraint.m */; };
		C8C907E622F5C203002A96B3 /* MASConstraint.m in Sources */ = {isa = PBXBuildFile; fileRef = C8C9079422F5C203002A96B3 /* MASConstraint.m */; };
		C8C907E722F5C203002A96B3 /* MASConstraintMaker.m in Sources */ = {isa = PBXBuildFile; fileRef = C8C9079622F5C203002A96B3 /* MASConstraintMaker.m */; };
		C8C907E822F5C203002A96B3 /* MASLayoutConstraint.m in Sources */ = {isa = PBXBuildFile; fileRef = C8C9079822F5C203002A96B3 /* MASLayoutConstraint.m */; };
		C8C907E922F5C203002A96B3 /* MASViewAttribute.m in Sources */ = {isa = PBXBuildFile; fileRef = C8C9079C22F5C203002A96B3 /* MASViewAttribute.m */; };
		C8C907EA22F5C203002A96B3 /* MASViewConstraint.m in Sources */ = {isa = PBXBuildFile; fileRef = C8C9079E22F5C203002A96B3 /* MASViewConstraint.m */; };
		C8C907EB22F5C203002A96B3 /* NSArray+MASAdditions.m in Sources */ = {isa = PBXBuildFile; fileRef = C8C907A022F5C203002A96B3 /* NSArray+MASAdditions.m */; };
		C8C907EC22F5C203002A96B3 /* NSLayoutConstraint+MASDebugAdditions.m in Sources */ = {isa = PBXBuildFile; fileRef = C8C907A322F5C203002A96B3 /* NSLayoutConstraint+MASDebugAdditions.m */; };
		C8C907ED22F5C203002A96B3 /* View+MASAdditions.m in Sources */ = {isa = PBXBuildFile; fileRef = C8C907A522F5C203002A96B3 /* View+MASAdditions.m */; };
		C8C907EE22F5C203002A96B3 /* ViewController+MASAdditions.m in Sources */ = {isa = PBXBuildFile; fileRef = C8C907A822F5C203002A96B3 /* ViewController+MASAdditions.m */; };
/* End PBXBuildFile section */

/* Begin PBXCopyFilesBuildPhase section */
		39F4338022F90B3300ED1F06 /* Embed Frameworks */ = {
			isa = PBXCopyFilesBuildPhase;
			buildActionMask = 2147483647;
			dstPath = "";
			dstSubfolderSpec = 10;
			files = (
				39C7981222FC2D8700217E0E /* KSCrash.framework in Embed Frameworks */,
				39C7981022FC2D8400217E0E /* VSRTC.framework in Embed Frameworks */,
			);
			name = "Embed Frameworks";
			runOnlyForDeploymentPostprocessing = 0;
		};
/* End PBXCopyFilesBuildPhase section */

/* Begin PBXFileReference section */
		39C797E022FC2D7700217E0E /* SMGLiveHomeController.h */ = {isa = PBXFileReference; fileEncoding = 4; lastKnownFileType = sourcecode.c.h; path = SMGLiveHomeController.h; sourceTree = "<group>"; };
		39C797E122FC2D7700217E0E /* SMGLiveRoomController.m */ = {isa = PBXFileReference; fileEncoding = 4; lastKnownFileType = sourcecode.c.objc; path = SMGLiveRoomController.m; sourceTree = "<group>"; };
		39C797E222FC2D7700217E0E /* SMGLiveRoomController.h */ = {isa = PBXFileReference; fileEncoding = 4; lastKnownFileType = sourcecode.c.h; path = SMGLiveRoomController.h; sourceTree = "<group>"; };
		39C797E322FC2D7700217E0E /* SMGLiveHomeController.m */ = {isa = PBXFileReference; fileEncoding = 4; lastKnownFileType = sourcecode.c.objc; path = SMGLiveHomeController.m; sourceTree = "<group>"; };
		39C797E522FC2D7700217E0E /* UIImage+smgImage.m */ = {isa = PBXFileReference; fileEncoding = 4; lastKnownFileType = sourcecode.c.objc; path = "UIImage+smgImage.m"; sourceTree = "<group>"; };
		39C797E622FC2D7700217E0E /* SMGConst.h */ = {isa = PBXFileReference; fileEncoding = 4; lastKnownFileType = sourcecode.c.h; path = SMGConst.h; sourceTree = "<group>"; };
		39C797E722FC2D7700217E0E /* UIImage+smgImage.h */ = {isa = PBXFileReference; fileEncoding = 4; lastKnownFileType = sourcecode.c.h; path = "UIImage+smgImage.h"; sourceTree = "<group>"; };
		39C797E922FC2D7700217E0E /* VSRTC.framework */ = {isa = PBXFileReference; lastKnownFileType = wrapper.framework; path = VSRTC.framework; sourceTree = "<group>"; };
		39C797EA22FC2D7700217E0E /* KSCrash.framework */ = {isa = PBXFileReference; lastKnownFileType = wrapper.framework; path = KSCrash.framework; sourceTree = "<group>"; };
		39C797EC22FC2D7700217E0E /* SMGImages.bundle */ = {isa = PBXFileReference; lastKnownFileType = "wrapper.plug-in"; path = SMGImages.bundle; sourceTree = "<group>"; };
		39C797EE22FC2D7700217E0E /* SMGRemoteMediaView.m */ = {isa = PBXFileReference; fileEncoding = 4; lastKnownFileType = sourcecode.c.objc; path = SMGRemoteMediaView.m; sourceTree = "<group>"; };
		39C797EF22FC2D7700217E0E /* SMGSettingView.m */ = {isa = PBXFileReference; fileEncoding = 4; lastKnownFileType = sourcecode.c.objc; path = SMGSettingView.m; sourceTree = "<group>"; };
		39C797F022FC2D7700217E0E /* SMGLocalMediaView.m */ = {isa = PBXFileReference; fileEncoding = 4; lastKnownFileType = sourcecode.c.objc; path = SMGLocalMediaView.m; sourceTree = "<group>"; };
		39C797F122FC2D7700217E0E /* SMGShowHudView.h */ = {isa = PBXFileReference; fileEncoding = 4; lastKnownFileType = sourcecode.c.h; path = SMGShowHudView.h; sourceTree = "<group>"; };
		39C797F222FC2D7700217E0E /* SMGMassageCell.h */ = {isa = PBXFileReference; fileEncoding = 4; lastKnownFileType = sourcecode.c.h; path = SMGMassageCell.h; sourceTree = "<group>"; };
		39C797F322FC2D7700217E0E /* SMGLiveChooseView.h */ = {isa = PBXFileReference; fileEncoding = 4; lastKnownFileType = sourcecode.c.h; path = SMGLiveChooseView.h; sourceTree = "<group>"; };
		39C797F422FC2D7700217E0E /* SMGLiveHomeBackgroundView.m */ = {isa = PBXFileReference; fileEncoding = 4; lastKnownFileType = sourcecode.c.objc; path = SMGLiveHomeBackgroundView.m; sourceTree = "<group>"; };
		39C797F522FC2D7700217E0E /* SMGLiveChooseButton.m */ = {isa = PBXFileReference; fileEncoding = 4; lastKnownFileType = sourcecode.c.objc; path = SMGLiveChooseButton.m; sourceTree = "<group>"; };
		39C797F622FC2D7700217E0E /* SMGMassageView.h */ = {isa = PBXFileReference; fileEncoding = 4; lastKnownFileType = sourcecode.c.h; path = SMGMassageView.h; sourceTree = "<group>"; };
		39C797F722FC2D7700217E0E /* SMGSettingView.h */ = {isa = PBXFileReference; fileEncoding = 4; lastKnownFileType = sourcecode.c.h; path = SMGSettingView.h; sourceTree = "<group>"; };
		39C797F822FC2D7700217E0E /* SMGRemoteMediaView.h */ = {isa = PBXFileReference; fileEncoding = 4; lastKnownFileType = sourcecode.c.h; path = SMGRemoteMediaView.h; sourceTree = "<group>"; };
		39C797F922FC2D7700217E0E /* SMGShowHudView.m */ = {isa = PBXFileReference; fileEncoding = 4; lastKnownFileType = sourcecode.c.objc; path = SMGShowHudView.m; sourceTree = "<group>"; };
		39C797FA22FC2D7700217E0E /* SMGLocalMediaView.h */ = {isa = PBXFileReference; fileEncoding = 4; lastKnownFileType = sourcecode.c.h; path = SMGLocalMediaView.h; sourceTree = "<group>"; };
		39C797FB22FC2D7700217E0E /* SMGLiveHomeBackgroundView.h */ = {isa = PBXFileReference; fileEncoding = 4; lastKnownFileType = sourcecode.c.h; path = SMGLiveHomeBackgroundView.h; sourceTree = "<group>"; };
		39C797FC22FC2D7700217E0E /* SMGLiveChooseButton.h */ = {isa = PBXFileReference; fileEncoding = 4; lastKnownFileType = sourcecode.c.h; path = SMGLiveChooseButton.h; sourceTree = "<group>"; };
		39C797FD22FC2D7700217E0E /* SMGLiveChooseView.m */ = {isa = PBXFileReference; fileEncoding = 4; lastKnownFileType = sourcecode.c.objc; path = SMGLiveChooseView.m; sourceTree = "<group>"; };
		39C797FE22FC2D7700217E0E /* SMGMassageCell.m */ = {isa = PBXFileReference; fileEncoding = 4; lastKnownFileType = sourcecode.c.objc; path = SMGMassageCell.m; sourceTree = "<group>"; };
		39C797FF22FC2D7700217E0E /* SMGMassageView.m */ = {isa = PBXFileReference; fileEncoding = 4; lastKnownFileType = sourcecode.c.objc; path = SMGMassageView.m; sourceTree = "<group>"; };
		39C7981322FCFF0F00217E0E /* SMGHostPrivateTalk.h */ = {isa = PBXFileReference; lastKnownFileType = sourcecode.c.h; path = SMGHostPrivateTalk.h; sourceTree = "<group>"; };
		39C7981422FCFF0F00217E0E /* SMGHostPrivateTalk.m */ = {isa = PBXFileReference; lastKnownFileType = sourcecode.c.objc; path = SMGHostPrivateTalk.m; sourceTree = "<group>"; };
		C8C906F822F5C1C4002A96B3 /* DSXLive.app */ = {isa = PBXFileReference; explicitFileType = wrapper.application; includeInIndex = 0; path = DSXLive.app; sourceTree = BUILT_PRODUCTS_DIR; };
		C8C906FB22F5C1C4002A96B3 /* AppDelegate.h */ = {isa = PBXFileReference; lastKnownFileType = sourcecode.c.h; path = AppDelegate.h; sourceTree = "<group>"; };
		C8C906FC22F5C1C4002A96B3 /* AppDelegate.m */ = {isa = PBXFileReference; lastKnownFileType = sourcecode.c.objc; path = AppDelegate.m; sourceTree = "<group>"; };
		C8C906FE22F5C1C4002A96B3 /* ViewController.h */ = {isa = PBXFileReference; lastKnownFileType = sourcecode.c.h; path = ViewController.h; sourceTree = "<group>"; };
		C8C906FF22F5C1C4002A96B3 /* ViewController.m */ = {isa = PBXFileReference; lastKnownFileType = sourcecode.c.objc; path = ViewController.m; sourceTree = "<group>"; };
		C8C9070222F5C1C4002A96B3 /* Base */ = {isa = PBXFileReference; lastKnownFileType = file.storyboard; name = Base; path = Base.lproj/Main.storyboard; sourceTree = "<group>"; };
		C8C9070422F5C1C4002A96B3 /* Assets.xcassets */ = {isa = PBXFileReference; lastKnownFileType = folder.assetcatalog; path = Assets.xcassets; sourceTree = "<group>"; };
		C8C9070722F5C1C4002A96B3 /* Base */ = {isa = PBXFileReference; lastKnownFileType = file.storyboard; name = Base; path = Base.lproj/LaunchScreen.storyboard; sourceTree = "<group>"; };
		C8C9070922F5C1C4002A96B3 /* Info.plist */ = {isa = PBXFileReference; lastKnownFileType = text.plist.xml; path = Info.plist; sourceTree = "<group>"; };
		C8C9070A22F5C1C4002A96B3 /* main.m */ = {isa = PBXFileReference; lastKnownFileType = sourcecode.c.objc; path = main.m; sourceTree = "<group>"; };
		C8C9079022F5C203002A96B3 /* MASCompositeConstraint.h */ = {isa = PBXFileReference; fileEncoding = 4; lastKnownFileType = sourcecode.c.h; path = MASCompositeConstraint.h; sourceTree = "<group>"; };
		C8C9079122F5C203002A96B3 /* MASCompositeConstraint.m */ = {isa = PBXFileReference; fileEncoding = 4; lastKnownFileType = sourcecode.c.objc; path = MASCompositeConstraint.m; sourceTree = "<group>"; };
		C8C9079222F5C203002A96B3 /* MASConstraint+Private.h */ = {isa = PBXFileReference; fileEncoding = 4; lastKnownFileType = sourcecode.c.h; path = "MASConstraint+Private.h"; sourceTree = "<group>"; };
		C8C9079322F5C203002A96B3 /* MASConstraint.h */ = {isa = PBXFileReference; fileEncoding = 4; lastKnownFileType = sourcecode.c.h; path = MASConstraint.h; sourceTree = "<group>"; };
		C8C9079422F5C203002A96B3 /* MASConstraint.m */ = {isa = PBXFileReference; fileEncoding = 4; lastKnownFileType = sourcecode.c.objc; path = MASConstraint.m; sourceTree = "<group>"; };
		C8C9079522F5C203002A96B3 /* MASConstraintMaker.h */ = {isa = PBXFileReference; fileEncoding = 4; lastKnownFileType = sourcecode.c.h; path = MASConstraintMaker.h; sourceTree = "<group>"; };
		C8C9079622F5C203002A96B3 /* MASConstraintMaker.m */ = {isa = PBXFileReference; fileEncoding = 4; lastKnownFileType = sourcecode.c.objc; path = MASConstraintMaker.m; sourceTree = "<group>"; };
		C8C9079722F5C203002A96B3 /* MASLayoutConstraint.h */ = {isa = PBXFileReference; fileEncoding = 4; lastKnownFileType = sourcecode.c.h; path = MASLayoutConstraint.h; sourceTree = "<group>"; };
		C8C9079822F5C203002A96B3 /* MASLayoutConstraint.m */ = {isa = PBXFileReference; fileEncoding = 4; lastKnownFileType = sourcecode.c.objc; path = MASLayoutConstraint.m; sourceTree = "<group>"; };
		C8C9079922F5C203002A96B3 /* Masonry.h */ = {isa = PBXFileReference; fileEncoding = 4; lastKnownFileType = sourcecode.c.h; path = Masonry.h; sourceTree = "<group>"; };
		C8C9079A22F5C203002A96B3 /* MASUtilities.h */ = {isa = PBXFileReference; fileEncoding = 4; lastKnownFileType = sourcecode.c.h; path = MASUtilities.h; sourceTree = "<group>"; };
		C8C9079B22F5C203002A96B3 /* MASViewAttribute.h */ = {isa = PBXFileReference; fileEncoding = 4; lastKnownFileType = sourcecode.c.h; path = MASViewAttribute.h; sourceTree = "<group>"; };
		C8C9079C22F5C203002A96B3 /* MASViewAttribute.m */ = {isa = PBXFileReference; fileEncoding = 4; lastKnownFileType = sourcecode.c.objc; path = MASViewAttribute.m; sourceTree = "<group>"; };
		C8C9079D22F5C203002A96B3 /* MASViewConstraint.h */ = {isa = PBXFileReference; fileEncoding = 4; lastKnownFileType = sourcecode.c.h; path = MASViewConstraint.h; sourceTree = "<group>"; };
		C8C9079E22F5C203002A96B3 /* MASViewConstraint.m */ = {isa = PBXFileReference; fileEncoding = 4; lastKnownFileType = sourcecode.c.objc; path = MASViewConstraint.m; sourceTree = "<group>"; };
		C8C9079F22F5C203002A96B3 /* NSArray+MASAdditions.h */ = {isa = PBXFileReference; fileEncoding = 4; lastKnownFileType = sourcecode.c.h; path = "NSArray+MASAdditions.h"; sourceTree = "<group>"; };
		C8C907A022F5C203002A96B3 /* NSArray+MASAdditions.m */ = {isa = PBXFileReference; fileEncoding = 4; lastKnownFileType = sourcecode.c.objc; path = "NSArray+MASAdditions.m"; sourceTree = "<group>"; };
		C8C907A122F5C203002A96B3 /* NSArray+MASShorthandAdditions.h */ = {isa = PBXFileReference; fileEncoding = 4; lastKnownFileType = sourcecode.c.h; path = "NSArray+MASShorthandAdditions.h"; sourceTree = "<group>"; };
		C8C907A222F5C203002A96B3 /* NSLayoutConstraint+MASDebugAdditions.h */ = {isa = PBXFileReference; fileEncoding = 4; lastKnownFileType = sourcecode.c.h; path = "NSLayoutConstraint+MASDebugAdditions.h"; sourceTree = "<group>"; };
		C8C907A322F5C203002A96B3 /* NSLayoutConstraint+MASDebugAdditions.m */ = {isa = PBXFileReference; fileEncoding = 4; lastKnownFileType = sourcecode.c.objc; path = "NSLayoutConstraint+MASDebugAdditions.m"; sourceTree = "<group>"; };
		C8C907A422F5C203002A96B3 /* View+MASAdditions.h */ = {isa = PBXFileReference; fileEncoding = 4; lastKnownFileType = sourcecode.c.h; path = "View+MASAdditions.h"; sourceTree = "<group>"; };
		C8C907A522F5C203002A96B3 /* View+MASAdditions.m */ = {isa = PBXFileReference; fileEncoding = 4; lastKnownFileType = sourcecode.c.objc; path = "View+MASAdditions.m"; sourceTree = "<group>"; };
		C8C907A622F5C203002A96B3 /* View+MASShorthandAdditions.h */ = {isa = PBXFileReference; fileEncoding = 4; lastKnownFileType = sourcecode.c.h; path = "View+MASShorthandAdditions.h"; sourceTree = "<group>"; };
		C8C907A722F5C203002A96B3 /* ViewController+MASAdditions.h */ = {isa = PBXFileReference; fileEncoding = 4; lastKnownFileType = sourcecode.c.h; path = "ViewController+MASAdditions.h"; sourceTree = "<group>"; };
		C8C907A822F5C203002A96B3 /* ViewController+MASAdditions.m */ = {isa = PBXFileReference; fileEncoding = 4; lastKnownFileType = sourcecode.c.objc; path = "ViewController+MASAdditions.m"; sourceTree = "<group>"; };
/* End PBXFileReference section */

/* Begin PBXFrameworksBuildPhase section */
		C8C906F522F5C1C4002A96B3 /* Frameworks */ = {
			isa = PBXFrameworksBuildPhase;
			buildActionMask = 2147483647;
			files = (
			);
			runOnlyForDeploymentPostprocessing = 0;
		};
/* End PBXFrameworksBuildPhase section */

/* Begin PBXGroup section */
		39C797DE22FC2D7700217E0E /*  connect  */ = {
			isa = PBXGroup;
			children = (
				39C797DF22FC2D7700217E0E /* Controller */,
				39C797E422FC2D7700217E0E /* Model */,
				39C797E822FC2D7700217E0E /* Frameworks */,
				39C797EB22FC2D7700217E0E /* Resource */,
				39C797ED22FC2D7700217E0E /* Views */,
			);
			path = " connect ";
			sourceTree = "<group>";
		};
		39C797DF22FC2D7700217E0E /* Controller */ = {
			isa = PBXGroup;
			children = (
				39C797E022FC2D7700217E0E /* SMGLiveHomeController.h */,
				39C797E322FC2D7700217E0E /* SMGLiveHomeController.m */,
				39C797E222FC2D7700217E0E /* SMGLiveRoomController.h */,
				39C797E122FC2D7700217E0E /* SMGLiveRoomController.m */,
			);
			path = Controller;
			sourceTree = "<group>";
		};
		39C797E422FC2D7700217E0E /* Model */ = {
			isa = PBXGroup;
			children = (
				39C797E522FC2D7700217E0E /* UIImage+smgImage.m */,
				39C797E722FC2D7700217E0E /* UIImage+smgImage.h */,
				39C797E622FC2D7700217E0E /* SMGConst.h */,
				39C7981322FCFF0F00217E0E /* SMGHostPrivateTalk.h */,
				39C7981422FCFF0F00217E0E /* SMGHostPrivateTalk.m */,
			);
			path = Model;
			sourceTree = "<group>";
		};
		39C797E822FC2D7700217E0E /* Frameworks */ = {
			isa = PBXGroup;
			children = (
				39C797E922FC2D7700217E0E /* VSRTC.framework */,
				39C797EA22FC2D7700217E0E /* KSCrash.framework */,
			);
			path = Frameworks;
			sourceTree = "<group>";
		};
		39C797EB22FC2D7700217E0E /* Resource */ = {
			isa = PBXGroup;
			children = (
				39C797EC22FC2D7700217E0E /* SMGImages.bundle */,
			);
			path = Resource;
			sourceTree = "<group>";
		};
		39C797ED22FC2D7700217E0E /* Views */ = {
			isa = PBXGroup;
			children = (
				39C797F722FC2D7700217E0E /* SMGSettingView.h */,
				39C797EF22FC2D7700217E0E /* SMGSettingView.m */,
				39C797FA22FC2D7700217E0E /* SMGLocalMediaView.h */,
				39C797F022FC2D7700217E0E /* SMGLocalMediaView.m */,
				39C797FC22FC2D7700217E0E /* SMGLiveChooseButton.h */,
				39C797F522FC2D7700217E0E /* SMGLiveChooseButton.m */,
				39C797F822FC2D7700217E0E /* SMGRemoteMediaView.h */,
				39C797EE22FC2D7700217E0E /* SMGRemoteMediaView.m */,
				39C797F122FC2D7700217E0E /* SMGShowHudView.h */,
				39C797F922FC2D7700217E0E /* SMGShowHudView.m */,
				39C797FB22FC2D7700217E0E /* SMGLiveHomeBackgroundView.h */,
				39C797F422FC2D7700217E0E /* SMGLiveHomeBackgroundView.m */,
				39C797F622FC2D7700217E0E /* SMGMassageView.h */,
				39C797FF22FC2D7700217E0E /* SMGMassageView.m */,
				39C797F322FC2D7700217E0E /* SMGLiveChooseView.h */,
				39C797FD22FC2D7700217E0E /* SMGLiveChooseView.m */,
				39C797F222FC2D7700217E0E /* SMGMassageCell.h */,
				39C797FE22FC2D7700217E0E /* SMGMassageCell.m */,
			);
			path = Views;
			sourceTree = "<group>";
		};
		C8C906EF22F5C1C4002A96B3 = {
			isa = PBXGroup;
			children = (
				39C797DE22FC2D7700217E0E /*  connect  */,
				C8C906FA22F5C1C4002A96B3 /* DSXLive */,
				C8C906F922F5C1C4002A96B3 /* Products */,
				C8C9080B22F5C2DB002A96B3 /* Frameworks */,
			);
			sourceTree = "<group>";
		};
		C8C906F922F5C1C4002A96B3 /* Products */ = {
			isa = PBXGroup;
			children = (
				C8C906F822F5C1C4002A96B3 /* DSXLive.app */,
			);
			name = Products;
			sourceTree = "<group>";
		};
		C8C906FA22F5C1C4002A96B3 /* DSXLive */ = {
			isa = PBXGroup;
			children = (
				C8C9078F22F5C203002A96B3 /* Masonry */,
				C8C906FB22F5C1C4002A96B3 /* AppDelegate.h */,
				C8C906FC22F5C1C4002A96B3 /* AppDelegate.m */,
				C8C906FE22F5C1C4002A96B3 /* ViewController.h */,
				C8C906FF22F5C1C4002A96B3 /* ViewController.m */,
				C8C9070122F5C1C4002A96B3 /* Main.storyboard */,
				C8C9070422F5C1C4002A96B3 /* Assets.xcassets */,
				C8C9070622F5C1C4002A96B3 /* LaunchScreen.storyboard */,
				C8C9070922F5C1C4002A96B3 /* Info.plist */,
				C8C9070A22F5C1C4002A96B3 /* main.m */,
			);
			path = DSXLive;
			sourceTree = "<group>";
		};
		C8C9078F22F5C203002A96B3 /* Masonry */ = {
			isa = PBXGroup;
			children = (
				C8C9079022F5C203002A96B3 /* MASCompositeConstraint.h */,
				C8C9079122F5C203002A96B3 /* MASCompositeConstraint.m */,
				C8C9079222F5C203002A96B3 /* MASConstraint+Private.h */,
				C8C9079322F5C203002A96B3 /* MASConstraint.h */,
				C8C9079422F5C203002A96B3 /* MASConstraint.m */,
				C8C9079522F5C203002A96B3 /* MASConstraintMaker.h */,
				C8C9079622F5C203002A96B3 /* MASConstraintMaker.m */,
				C8C9079722F5C203002A96B3 /* MASLayoutConstraint.h */,
				C8C9079822F5C203002A96B3 /* MASLayoutConstraint.m */,
				C8C9079922F5C203002A96B3 /* Masonry.h */,
				C8C9079A22F5C203002A96B3 /* MASUtilities.h */,
				C8C9079B22F5C203002A96B3 /* MASViewAttribute.h */,
				C8C9079C22F5C203002A96B3 /* MASViewAttribute.m */,
				C8C9079D22F5C203002A96B3 /* MASViewConstraint.h */,
				C8C9079E22F5C203002A96B3 /* MASViewConstraint.m */,
				C8C9079F22F5C203002A96B3 /* NSArray+MASAdditions.h */,
				C8C907A022F5C203002A96B3 /* NSArray+MASAdditions.m */,
				C8C907A122F5C203002A96B3 /* NSArray+MASShorthandAdditions.h */,
				C8C907A222F5C203002A96B3 /* NSLayoutConstraint+MASDebugAdditions.h */,
				C8C907A322F5C203002A96B3 /* NSLayoutConstraint+MASDebugAdditions.m */,
				C8C907A422F5C203002A96B3 /* View+MASAdditions.h */,
				C8C907A522F5C203002A96B3 /* View+MASAdditions.m */,
				C8C907A622F5C203002A96B3 /* View+MASShorthandAdditions.h */,
				C8C907A722F5C203002A96B3 /* ViewController+MASAdditions.h */,
				C8C907A822F5C203002A96B3 /* ViewController+MASAdditions.m */,
			);
			path = Masonry;
			sourceTree = "<group>";
		};
		C8C9080B22F5C2DB002A96B3 /* Frameworks */ = {
			isa = PBXGroup;
			children = (
			);
			name = Frameworks;
			sourceTree = "<group>";
		};
/* End PBXGroup section */

/* Begin PBXNativeTarget section */
		C8C906F722F5C1C4002A96B3 /* DSXLive */ = {
			isa = PBXNativeTarget;
			buildConfigurationList = C8C9070E22F5C1C4002A96B3 /* Build configuration list for PBXNativeTarget "DSXLive" */;
			buildPhases = (
				C8C906F422F5C1C4002A96B3 /* Sources */,
				C8C906F522F5C1C4002A96B3 /* Frameworks */,
				C8C906F622F5C1C4002A96B3 /* Resources */,
				39F4338022F90B3300ED1F06 /* Embed Frameworks */,
			);
			buildRules = (
			);
			dependencies = (
			);
			name = DSXLive;
			productName = DSXLive;
			productReference = C8C906F822F5C1C4002A96B3 /* DSXLive.app */;
			productType = "com.apple.product-type.application";
		};
/* End PBXNativeTarget section */

/* Begin PBXProject section */
		C8C906F022F5C1C4002A96B3 /* Project object */ = {
			isa = PBXProject;
			attributes = {
				LastUpgradeCheck = 1020;
				ORGANIZATIONNAME = xiong;
				TargetAttributes = {
					C8C906F722F5C1C4002A96B3 = {
						CreatedOnToolsVersion = 9.2;
						ProvisioningStyle = Automatic;
					};
				};
			};
			buildConfigurationList = C8C906F322F5C1C4002A96B3 /* Build configuration list for PBXProject "DSXLive" */;
			compatibilityVersion = "Xcode 8.0";
			developmentRegion = en;
			hasScannedForEncodings = 0;
			knownRegions = (
				en,
				Base,
			);
			mainGroup = C8C906EF22F5C1C4002A96B3;
			productRefGroup = C8C906F922F5C1C4002A96B3 /* Products */;
			projectDirPath = "";
			projectRoot = "";
			targets = (
				C8C906F722F5C1C4002A96B3 /* DSXLive */,
			);
		};
/* End PBXProject section */

/* Begin PBXResourcesBuildPhase section */
		C8C906F622F5C1C4002A96B3 /* Resources */ = {
			isa = PBXResourcesBuildPhase;
			buildActionMask = 2147483647;
			files = (
				C8C9070822F5C1C4002A96B3 /* LaunchScreen.storyboard in Resources */,
				39C7980522FC2D7800217E0E /* SMGImages.bundle in Resources */,
				C8C9070522F5C1C4002A96B3 /* Assets.xcassets in Resources */,
				C8C9070322F5C1C4002A96B3 /* Main.storyboard in Resources */,
			);
			runOnlyForDeploymentPostprocessing = 0;
		};
/* End PBXResourcesBuildPhase section */

/* Begin PBXSourcesBuildPhase section */
		C8C906F422F5C1C4002A96B3 /* Sources */ = {
			isa = PBXSourcesBuildPhase;
			buildActionMask = 2147483647;
			files = (
				39C7981522FCFF0F00217E0E /* SMGHostPrivateTalk.m in Sources */,
				39C7980D22FC2D7800217E0E /* SMGMassageCell.m in Sources */,
				39C7980222FC2D7700217E0E /* UIImage+smgImage.m in Sources */,
				39C7980A22FC2D7800217E0E /* SMGLiveChooseButton.m in Sources */,
				C8C907E622F5C203002A96B3 /* MASConstraint.m in Sources */,
				C8C907E922F5C203002A96B3 /* MASViewAttribute.m in Sources */,
				C8C907EE22F5C203002A96B3 /* ViewController+MASAdditions.m in Sources */,
				39C7980122FC2D7700217E0E /* SMGLiveHomeController.m in Sources */,
				39C7980B22FC2D7800217E0E /* SMGShowHudView.m in Sources */,
				C8C907EB22F5C203002A96B3 /* NSArray+MASAdditions.m in Sources */,
				39C7980922FC2D7800217E0E /* SMGLiveHomeBackgroundView.m in Sources */,
				39C7980C22FC2D7800217E0E /* SMGLiveChooseView.m in Sources */,
				C8C9070022F5C1C4002A96B3 /* ViewController.m in Sources */,
				C8C907EA22F5C203002A96B3 /* MASViewConstraint.m in Sources */,
				C8C907E822F5C203002A96B3 /* MASLayoutConstraint.m in Sources */,
				C8C907ED22F5C203002A96B3 /* View+MASAdditions.m in Sources */,
				39C7980822FC2D7800217E0E /* SMGLocalMediaView.m in Sources */,
				C8C907E522F5C203002A96B3 /* MASCompositeConstraint.m in Sources */,
				C8C907EC22F5C203002A96B3 /* NSLayoutConstraint+MASDebugAdditions.m in Sources */,
				C8C907E722F5C203002A96B3 /* MASConstraintMaker.m in Sources */,
				39C7980022FC2D7700217E0E /* SMGLiveRoomController.m in Sources */,
				39C7980722FC2D7800217E0E /* SMGSettingView.m in Sources */,
				39C7980622FC2D7800217E0E /* SMGRemoteMediaView.m in Sources */,
				C8C9070B22F5C1C4002A96B3 /* main.m in Sources */,
				39C7980E22FC2D7800217E0E /* SMGMassageView.m in Sources */,
				C8C906FD22F5C1C4002A96B3 /* AppDelegate.m in Sources */,
			);
			runOnlyForDeploymentPostprocessing = 0;
		};
/* End PBXSourcesBuildPhase section */

/* Begin PBXVariantGroup section */
		C8C9070122F5C1C4002A96B3 /* Main.storyboard */ = {
			isa = PBXVariantGroup;
			children = (
				C8C9070222F5C1C4002A96B3 /* Base */,
			);
			name = Main.storyboard;
			sourceTree = "<group>";
		};
		C8C9070622F5C1C4002A96B3 /* LaunchScreen.storyboard */ = {
			isa = PBXVariantGroup;
			children = (
				C8C9070722F5C1C4002A96B3 /* Base */,
			);
			name = LaunchScreen.storyboard;
			sourceTree = "<group>";
		};
/* End PBXVariantGroup section */

/* Begin XCBuildConfiguration section */
		C8C9070C22F5C1C4002A96B3 /* Debug */ = {
			isa = XCBuildConfiguration;
			buildSettings = {
				ALWAYS_SEARCH_USER_PATHS = NO;
				CLANG_ANALYZER_NONNULL = YES;
				CLANG_ANALYZER_NUMBER_OBJECT_CONVERSION = YES_AGGRESSIVE;
				CLANG_CXX_LANGUAGE_STANDARD = "gnu++14";
				CLANG_CXX_LIBRARY = "libc++";
				CLANG_ENABLE_MODULES = YES;
				CLANG_ENABLE_OBJC_ARC = YES;
				CLANG_WARN_BLOCK_CAPTURE_AUTORELEASING = YES;
				CLANG_WARN_BOOL_CONVERSION = YES;
				CLANG_WARN_COMMA = YES;
				CLANG_WARN_CONSTANT_CONVERSION = YES;
				CLANG_WARN_DEPRECATED_OBJC_IMPLEMENTATIONS = YES;
				CLANG_WARN_DIRECT_OBJC_ISA_USAGE = YES_ERROR;
				CLANG_WARN_DOCUMENTATION_COMMENTS = YES;
				CLANG_WARN_EMPTY_BODY = YES;
				CLANG_WARN_ENUM_CONVERSION = YES;
				CLANG_WARN_INFINITE_RECURSION = YES;
				CLANG_WARN_INT_CONVERSION = YES;
				CLANG_WARN_NON_LITERAL_NULL_CONVERSION = YES;
				CLANG_WARN_OBJC_IMPLICIT_RETAIN_SELF = YES;
				CLANG_WARN_OBJC_LITERAL_CONVERSION = YES;
				CLANG_WARN_OBJC_ROOT_CLASS = YES_ERROR;
				CLANG_WARN_RANGE_LOOP_ANALYSIS = YES;
				CLANG_WARN_STRICT_PROTOTYPES = YES;
				CLANG_WARN_SUSPICIOUS_MOVE = YES;
				CLANG_WARN_UNGUARDED_AVAILABILITY = YES_AGGRESSIVE;
				CLANG_WARN_UNREACHABLE_CODE = YES;
				CLANG_WARN__DUPLICATE_METHOD_MATCH = YES;
				CODE_SIGN_IDENTITY = "iPhone Developer";
				COPY_PHASE_STRIP = NO;
				DEBUG_INFORMATION_FORMAT = dwarf;
				ENABLE_STRICT_OBJC_MSGSEND = YES;
				ENABLE_TESTABILITY = YES;
				GCC_C_LANGUAGE_STANDARD = gnu11;
				GCC_DYNAMIC_NO_PIC = NO;
				GCC_NO_COMMON_BLOCKS = YES;
				GCC_OPTIMIZATION_LEVEL = 0;
				GCC_PREPROCESSOR_DEFINITIONS = (
					"DEBUG=1",
					"$(inherited)",
				);
				GCC_WARN_64_TO_32_BIT_CONVERSION = YES;
				GCC_WARN_ABOUT_RETURN_TYPE = YES_ERROR;
				GCC_WARN_UNDECLARED_SELECTOR = YES;
				GCC_WARN_UNINITIALIZED_AUTOS = YES_AGGRESSIVE;
				GCC_WARN_UNUSED_FUNCTION = YES;
				GCC_WARN_UNUSED_VARIABLE = YES;
				IPHONEOS_DEPLOYMENT_TARGET = 11.2;
				MTL_ENABLE_DEBUG_INFO = YES;
				ONLY_ACTIVE_ARCH = YES;
				SDKROOT = iphoneos;
			};
			name = Debug;
		};
		C8C9070D22F5C1C4002A96B3 /* Release */ = {
			isa = XCBuildConfiguration;
			buildSettings = {
				ALWAYS_SEARCH_USER_PATHS = NO;
				CLANG_ANALYZER_NONNULL = YES;
				CLANG_ANALYZER_NUMBER_OBJECT_CONVERSION = YES_AGGRESSIVE;
				CLANG_CXX_LANGUAGE_STANDARD = "gnu++14";
				CLANG_CXX_LIBRARY = "libc++";
				CLANG_ENABLE_MODULES = YES;
				CLANG_ENABLE_OBJC_ARC = YES;
				CLANG_WARN_BLOCK_CAPTURE_AUTORELEASING = YES;
				CLANG_WARN_BOOL_CONVERSION = YES;
				CLANG_WARN_COMMA = YES;
				CLANG_WARN_CONSTANT_CONVERSION = YES;
				CLANG_WARN_DEPRECATED_OBJC_IMPLEMENTATIONS = YES;
				CLANG_WARN_DIRECT_OBJC_ISA_USAGE = YES_ERROR;
				CLANG_WARN_DOCUMENTATION_COMMENTS = YES;
				CLANG_WARN_EMPTY_BODY = YES;
				CLANG_WARN_ENUM_CONVERSION = YES;
				CLANG_WARN_INFINITE_RECURSION = YES;
				CLANG_WARN_INT_CONVERSION = YES;
				CLANG_WARN_NON_LITERAL_NULL_CONVERSION = YES;
				CLANG_WARN_OBJC_IMPLICIT_RETAIN_SELF = YES;
				CLANG_WARN_OBJC_LITERAL_CONVERSION = YES;
				CLANG_WARN_OBJC_ROOT_CLASS = YES_ERROR;
				CLANG_WARN_RANGE_LOOP_ANALYSIS = YES;
				CLANG_WARN_STRICT_PROTOTYPES = YES;
				CLANG_WARN_SUSPICIOUS_MOVE = YES;
				CLANG_WARN_UNGUARDED_AVAILABILITY = YES_AGGRESSIVE;
				CLANG_WARN_UNREACHABLE_CODE = YES;
				CLANG_WARN__DUPLICATE_METHOD_MATCH = YES;
				CODE_SIGN_IDENTITY = "iPhone Developer";
				COPY_PHASE_STRIP = NO;
				DEBUG_INFORMATION_FORMAT = "dwarf-with-dsym";
				ENABLE_NS_ASSERTIONS = NO;
				ENABLE_STRICT_OBJC_MSGSEND = YES;
				GCC_C_LANGUAGE_STANDARD = gnu11;
				GCC_NO_COMMON_BLOCKS = YES;
				GCC_WARN_64_TO_32_BIT_CONVERSION = YES;
				GCC_WARN_ABOUT_RETURN_TYPE = YES_ERROR;
				GCC_WARN_UNDECLARED_SELECTOR = YES;
				GCC_WARN_UNINITIALIZED_AUTOS = YES_AGGRESSIVE;
				GCC_WARN_UNUSED_FUNCTION = YES;
				GCC_WARN_UNUSED_VARIABLE = YES;
				IPHONEOS_DEPLOYMENT_TARGET = 11.2;
				MTL_ENABLE_DEBUG_INFO = NO;
				SDKROOT = iphoneos;
				VALIDATE_PRODUCT = YES;
			};
			name = Release;
		};
		C8C9070F22F5C1C4002A96B3 /* Debug */ = {
			isa = XCBuildConfiguration;
			buildSettings = {
				ASSETCATALOG_COMPILER_APPICON_NAME = AppIcon;
				CODE_SIGN_STYLE = Automatic;
				DEVELOPMENT_TEAM = 8C3CUAZLUJ;
				EMBED_ASSET_PACKS_IN_PRODUCT_BUNDLE = NO;
				ENABLE_BITCODE = NO;
				FRAMEWORK_SEARCH_PATHS = (
					"$(inherited)",
					"$(PROJECT_DIR)/DSXLive/Demo/Frameworks",
					"$(PROJECT_DIR)/DSXLive/连线/Frameworks",
					"$(PROJECT_DIR)/\\ connect\\ /Frameworks",
					"$(PROJECT_DIR)/\\ connect\\ /Frameworks",
					"$(PROJECT_DIR)/\\ connect\\ /Frameworks",
					"$(PROJECT_DIR)/\\ connect\\ /Frameworks",
				);
				INFOPLIST_FILE = DSXLive/Info.plist;
				IPHONEOS_DEPLOYMENT_TARGET = 10.0;
				LD_RUNPATH_SEARCH_PATHS = "$(inherited) @executable_path/Frameworks";
				PRODUCT_BUNDLE_IDENTIFIER = com.youku.LaiFengx;
				PRODUCT_NAME = "$(TARGET_NAME)";
				TARGETED_DEVICE_FAMILY = "1,2";
			};
			name = Debug;
		};
		C8C9071022F5C1C4002A96B3 /* Release */ = {
			isa = XCBuildConfiguration;
			buildSettings = {
				ASSETCATALOG_COMPILER_APPICON_NAME = AppIcon;
				CODE_SIGN_STYLE = Automatic;
				DEVELOPMENT_TEAM = 8C3CUAZLUJ;
				EMBED_ASSET_PACKS_IN_PRODUCT_BUNDLE = NO;
				ENABLE_BITCODE = NO;
				FRAMEWORK_SEARCH_PATHS = (
					"$(inherited)",
					"$(PROJECT_DIR)/DSXLive/Demo/Frameworks",
					"$(PROJECT_DIR)/DSXLive/连线/Frameworks",
					"$(PROJECT_DIR)/\\ connect\\ /Frameworks",
					"$(PROJECT_DIR)/\\ connect\\ /Frameworks",
					"$(PROJECT_DIR)/\\ connect\\ /Frameworks",
					"$(PROJECT_DIR)/\\ connect\\ /Frameworks",
				);
				INFOPLIST_FILE = DSXLive/Info.plist;
				IPHONEOS_DEPLOYMENT_TARGET = 10.0;
				LD_RUNPATH_SEARCH_PATHS = "$(inherited) @executable_path/Frameworks";
				PRODUCT_BUNDLE_IDENTIFIER = com.youku.LaiFengx;
				PRODUCT_NAME = "$(TARGET_NAME)";
				TARGETED_DEVICE_FAMILY = "1,2";
			};
			name = Release;
		};
/* End XCBuildConfiguration section */

/* Begin XCConfigurationList section */
		C8C906F322F5C1C4002A96B3 /* Build configuration list for PBXProject "DSXLive" */ = {
			isa = XCConfigurationList;
			buildConfigurations = (
				C8C9070C22F5C1C4002A96B3 /* Debug */,
				C8C9070D22F5C1C4002A96B3 /* Release */,
			);
			defaultConfigurationIsVisible = 0;
			defaultConfigurationName = Release;
		};
		C8C9070E22F5C1C4002A96B3 /* Build configuration list for PBXNativeTarget "DSXLive" */ = {
			isa = XCConfigurationList;
			buildConfigurations = (
				C8C9070F22F5C1C4002A96B3 /* Debug */,
				C8C9071022F5C1C4002A96B3 /* Release */,
			);
			defaultConfigurationIsVisible = 0;
			defaultConfigurationName = Release;
		};
/* End XCConfigurationList section */
	};
	rootObject = C8C906F022F5C1C4002A96B3 /* Project object */;
}
